<?xml version="1.0" encoding="utf-8"?>
<Project ToolsVersion="4.0" xmlns="http://schemas.microsoft.com/developer/msbuild/2003">
  <ItemGroup>
    <CudaCompile Include="kernel.cu" />
    <CudaCompile Include="cudaGlobal.cu">
      <Filter>Sources</Filter>
    </CudaCompile>
    <CudaCompile Include="cudaMath.cu">
      <Filter>Sources</Filter>
    </CudaCompile>
    <CudaCompile Include="cudaUtil.cu">
      <Filter>Sources</Filter>
    </CudaCompile>
    <CudaCompile Include="cuDivLocalProject.cu">
      <Filter>Sources</Filter>
    </CudaCompile>
    <CudaCompile Include="cuDivLocalProject3D.cu">
      <Filter>Sources</Filter>
    </CudaCompile>
    <CudaCompile Include="cuDst3D.cu">
      <Filter>Sources</Filter>
    </CudaCompile>
    <CudaCompile Include="cuFastSweeping.cu">
      <Filter>Sources</Filter>
    </CudaCompile>
    <CudaCompile Include="cuGetInnerProduct.cu">
      <Filter>Sources</Filter>
    </CudaCompile>
    <CudaCompile Include="cuGradient.cu">
      <Filter>Sources</Filter>
    </CudaCompile>
    <CudaCompile Include="cuMemoryManager.cu">
      <Filter>Sources</Filter>
    </CudaCompile>
    <CudaCompile Include="cuMultigrid2D.cu">
      <Filter>Sources</Filter>
    </CudaCompile>
    <CudaCompile Include="cuMultigrid3D.cu">
      <Filter>Sources</Filter>
    </CudaCompile>
    <CudaCompile Include="cuMultigridFrac2D.cu">
      <Filter>Sources</Filter>
    </CudaCompile>
    <CudaCompile Include="cuMultigridFrac3D.cu">
      <Filter>Sources</Filter>
    </CudaCompile>
    <CudaCompile Include="cuParallelSweep3D.cu">
      <Filter>Sources</Filter>
    </CudaCompile>
    <CudaCompile Include="cuProlongate3D.cu">
      <Filter>Sources</Filter>
    </CudaCompile>
    <CudaCompile Include="cuProlongation2D.cu">
      <Filter>Sources</Filter>
    </CudaCompile>
    <CudaCompile Include="cuRestrict3D.cu">
      <Filter>Sources</Filter>
    </CudaCompile>
    <CudaCompile Include="cuRestriction2D.cu">
      <Filter>Sources</Filter>
    </CudaCompile>
    <CudaCompile Include="cuWaveletPotentialRecover2D.cu">
      <Filter>Sources</Filter>
    </CudaCompile>
    <CudaCompile Include="cuWaveletPotentialRecover3D.cu">
      <Filter>Sources</Filter>
    </CudaCompile>
    <CudaCompile Include="cuWeightedJacobi.cu">
      <Filter>Sources</Filter>
    </CudaCompile>
    <CudaCompile Include="cuWeightedJacobi3D.cu">
      <Filter>Sources</Filter>
    </CudaCompile>
    <CudaCompile Include="cuWHHDForward.cu">
      <Filter>Sources</Filter>
    </CudaCompile>
    <CudaCompile Include="cuDst.cu">
      <Filter>Sources</Filter>
    </CudaCompile>
    <CudaCompile Include="cuBoundSelector.cu">
      <Filter>Sources</Filter>
    </CudaCompile>
    <CudaCompile Include="PrefixSum.cu">
      <Filter>Sources</Filter>
    </CudaCompile>
    <CudaCompile Include="cuConvergence.cu">
      <Filter>Sources</Filter>
    </CudaCompile>
    <CudaCompile Include="Interpolation.cu">
      <Filter>Sources</Filter>
    </CudaCompile>
    <CudaCompile Include="cuSolidLevelSet2D.cu">
      <Filter>Sources</Filter>
    </CudaCompile>
    <CudaCompile Include="cuSolidLevelSet3D.cu">
      <Filter>Sources</Filter>
    </CudaCompile>
  </ItemGroup>
  <ItemGroup>
    <Filter Include="Sources">
      <UniqueIdentifier>{640130eb-21a6-4fa5-b6e4-43a09b18fadd}</UniqueIdentifier>
    </Filter>
  </ItemGroup>
  <ItemGroup>
    <ClInclude Include="cudaConstant.cuh">
      <Filter>Sources</Filter>
    </ClInclude>
    <ClInclude Include="cudaGlobal.cuh">
      <Filter>Sources</Filter>
    </ClInclude>
    <ClInclude Include="cudaMath.cuh">
      <Filter>Sources</Filter>
    </ClInclude>
    <ClInclude Include="cudaUtil.cuh">
      <Filter>Sources</Filter>
    </ClInclude>
    <ClInclude Include="cuDivLocalProject.cuh">
      <Filter>Sources</Filter>
    </ClInclude>
    <ClInclude Include="cuDivLocalProject3D.cuh">
      <Filter>Sources</Filter>
    </ClInclude>
    <ClInclude Include="cuDst3D.cuh">
      <Filter>Sources</Filter>
    </ClInclude>
    <ClInclude Include="cuFastSweeping.cuh">
      <Filter>Sources</Filter>
    </ClInclude>
    <ClInclude Include="cuGetInnerProduct.cuh">
      <Filter>Sources</Filter>
    </ClInclude>
    <ClInclude Include="cuGradient.cuh">
      <Filter>Sources</Filter>
    </ClInclude>
    <ClInclude Include="cuMemoryManager.cuh">
      <Filter>Sources</Filter>
    </ClInclude>
    <ClInclude Include="cuMultigrid2D.cuh">
      <Filter>Sources</Filter>
    </ClInclude>
    <ClInclude Include="cuMultigrid3D.cuh">
      <Filter>Sources</Filter>
    </ClInclude>
    <ClInclude Include="cuMultigridFrac2D.cuh">
      <Filter>Sources</Filter>
    </ClInclude>
    <ClInclude Include="cuMultigridFrac3D.cuh">
      <Filter>Sources</Filter>
    </ClInclude>
    <ClInclude Include="cuParallelSweep3D.cuh">
      <Filter>Sources</Filter>
    </ClInclude>
    <ClInclude Include="cuProlongate3D.cuh">
      <Filter>Sources</Filter>
    </ClInclude>
    <ClInclude Include="cuProlongation2D.cuh">
      <Filter>Sources</Filter>
    </ClInclude>
    <ClInclude Include="cuRestrict3D.cuh">
      <Filter>Sources</Filter>
    </ClInclude>
    <ClInclude Include="cuRestriction2D.cuh">
      <Filter>Sources</Filter>
    </ClInclude>
    <ClInclude Include="cuWaveletCompute.cuh">
      <Filter>Sources</Filter>
    </ClInclude>
    <ClInclude Include="cuWaveletPotentialRecover2D.cuh">
      <Filter>Sources</Filter>
    </ClInclude>
    <ClInclude Include="cuWaveletPotentialRecover3D.cuh">
      <Filter>Sources</Filter>
    </ClInclude>
    <ClInclude Include="cuWaveletUtil.h">
      <Filter>Sources</Filter>
    </ClInclude>
    <ClInclude Include="cuWeightedJacobi.cuh">
      <Filter>Sources</Filter>
    </ClInclude>
    <ClInclude Include="cuWeightedJacobi3D.cuh">
      <Filter>Sources</Filter>
    </ClInclude>
    <ClInclude Include="cuWHHD_Export.h">
      <Filter>Sources</Filter>
    </ClInclude>
    <ClInclude Include="cuWHHDForward.cuh">
      <Filter>Sources</Filter>
    </ClInclude>
    <ClInclude Include="DivL0Matrix.h">
      <Filter>Sources</Filter>
    </ClInclude>
    <ClInclude Include="DoubleUseDefine.h">
      <Filter>Sources</Filter>
    </ClInclude>
    <ClInclude Include="helper_cuda.h">
      <Filter>Sources</Filter>
    </ClInclude>
    <ClInclude Include="helper_string.h">
      <Filter>Sources</Filter>
    </ClInclude>
    <ClInclude Include="HelperUtil.h">
      <Filter>Sources</Filter>
    </ClInclude>
    <ClInclude Include="Log.h">
      <Filter>Sources</Filter>
    </ClInclude>
    <ClInclude Include="TimeCounter.h">
      <Filter>Sources</Filter>
    </ClInclude>
    <ClInclude Include="Utils.h">
      <Filter>Sources</Filter>
    </ClInclude>
    <ClInclude Include="VelocityInterpolationType.h">
      <Filter>Sources</Filter>
    </ClInclude>
    <ClInclude Include="WaveletTypes.h">
      <Filter>Sources</Filter>
    </ClInclude>
    <ClInclude Include="cuDst.cuh">
      <Filter>Sources</Filter>
    </ClInclude>
    <ClInclude Include="cuBoundSelector.cuh">
      <Filter>Sources</Filter>
    </ClInclude>
    <ClInclude Include="PrefixSum.cuh">
      <Filter>Sources</Filter>
    </ClInclude>
    <ClInclude Include="cuConvergence.cuh">
      <Filter>Sources</Filter>
    </ClInclude>
    <ClInclude Include="Interpolation.cuh">
      <Filter>Sources</Filter>
    </ClInclude>
    <ClInclude Include="TestLocalProjection.h">
      <Filter>Sources</Filter>
    </ClInclude>
    <ClInclude Include="happly.h">
      <Filter>Sources</Filter>
    </ClInclude>
    <ClInclude Include="VelocitiesInit.h">
      <Filter>Sources</Filter>
    </ClInclude>
    <ClInclude Include="StreamInitial.h">
      <Filter>Sources</Filter>
    </ClInclude>
    <ClInclude Include="cuSolidLevelSet2D.cuh">
      <Filter>Sources</Filter>
    </ClInclude>
    <ClInclude Include="cuSolidLevelSet3D.cuh">
      <Filter>Sources</Filter>
    </ClInclude>
  </ItemGroup>
  <ItemGroup>
    <ClCompile Include="cuWaveletUtil.cpp">
      <Filter>Sources</Filter>
    </ClCompile>
    <ClCompile Include="DivL0Matrix.cpp">
      <Filter>Sources</Filter>
    </ClCompile>
    <ClCompile Include="Log.cpp">
      <Filter>Sources</Filter>
    </ClCompile>
    <ClCompile Include="TimeCounter.cpp">
      <Filter>Sources</Filter>
    </ClCompile>
    <ClCompile Include="Utils.cpp">
      <Filter>Sources</Filter>
    </ClCompile>
    <ClCompile Include="WaveletTypes.cpp">
      <Filter>Sources</Filter>
    </ClCompile>
    <ClCompile Include="TestLocalProjection.cpp">
      <Filter>Sources</Filter>
    </ClCompile>
    <ClCompile Include="StreamInitial.cpp">
      <Filter>Sources</Filter>
    </ClCompile>
  </ItemGroup>
</Project>